
Microsoft Visual Studio Solution File, Format Version 12.00
# Visual Studio 15
VisualStudioVersion = 15.0.28307.779
MinimumVisualStudioVersion = 10.0.40219.1
Project("{FAE04EC0-301F-11D3-BF4B-00C04F79EFBC}") = "Calculator", "Calculator\Calculator.csproj", "{954F9900-0301-42B4-A694-2E6D9749B2F2}"
EndProject
Project("{FAE04EC0-301F-11D3-BF4B-00C04F79EFBC}") = "Calculator.Tests", "Calculator.Tests\Calculator.Tests.csproj", "{34E879FE-6182-4C3B-BA9C-C0B2BD5DDD21}"
EndProject
Global
	GlobalSection(SolutionConfigurationPlatforms) = preSolution
		Debug|Any CPU = Debug|Any CPU
		Release|Any CPU = Release|Any CPU
	EndGlobalSection
	GlobalSection(ProjectConfigurationPlatforms) = postSolution
		{954F9900-0301-42B4-A694-2E6D9749B2F2}.Debug|Any CPU.ActiveCfg = Debug|Any CPU
		{954F9900-0301-42B4-A694-2E6D9749B2F2}.Debug|Any CPU.Build.0 = Debug|Any CPU
		{954F9900-0301-42B4-A694-2E6D9749B2F2}.Release|Any CPU.ActiveCfg = Release|Any CPU
		{954F9900-0301-42B4-A694-2E6D9749B2F2}.Release|Any CPU.Build.0 = Release|Any CPU
		{34E879FE-6182-4C3B-BA9C-C0B2BD5DDD21}.Debug|Any CPU.ActiveCfg = Debug|Any CPU
		{34E879FE-6182-4C3B-BA9C-C0B2BD5DDD21}.Debug|Any CPU.Build.0 = Debug|Any CPU
		{34E879FE-6182-4C3B-BA9C-C0B2BD5DDD21}.Release|Any CPU.ActiveCfg = Release|Any CPU
		{34E879FE-6182-4C3B-BA9C-C0B2BD5DDD21}.Release|Any CPU.Build.0 = Release|Any CPU
	EndGlobalSection
	GlobalSection(SolutionProperties) = preSolution
		HideSolutionNode = FALSE
	EndGlobalSection
	GlobalSection(ExtensibilityGlobals) = postSolution
		SolutionGuid = {45FDBF6D-1AC4-46FF-8879-B2DCDC8D046A}
	EndGlobalSection
EndGlobal
